
Microsoft Visual Studio Solution File, Format Version 12.00
# Visual Studio 15
VisualStudioVersion = 15.0.27130.2010
MinimumVisualStudioVersion = 10.0.40219.1
Project("{FAE04EC0-301F-11D3-BF4B-00C04F79EFBC}") = "LibrarySystem.Web", "LibrarySystem.Web\LibrarySystem.Web.csproj", "{2D0D3999-F598-424B-BB1A-A65241411D10}"
EndProject
Project("{FAE04EC0-301F-11D3-BF4B-00C04F79EFBC}") = "LibrarySytem.DAL", "LibrarySytem.DAL\LibrarySytem.DAL.csproj", "{4E16361A-C69F-4108-BC8B-B482CE0DD22A}"
EndProject
Project("{FAE04EC0-301F-11D3-BF4B-00C04F79EFBC}") = "LibrarySystem.BaseService.Domain", "LibrarySystem.BaseService.Domain\LibrarySystem.BaseService.Domain.csproj", "{3B7A9FAA-8B8E-4FEC-AC01-C14927A74512}"
EndProject
Project("{FAE04EC0-301F-11D3-BF4B-00C04F79EFBC}") = "LibrarySystem.Common", "LibrarySystem.Common\LibrarySystem.Common.csproj", "{34D11380-0509-4399-B236-515D8CA2654B}"
EndProject
Project("{FAE04EC0-301F-11D3-BF4B-00C04F79EFBC}") = "LibrarySystem.RelationServices.Domain", "LibrarySystem.RelationServices.Domain\LibrarySystem.RelationServices.Domain.csproj", "{73C9AD44-2620-4B1D-9DCB-B4C3FDB3E461}"
EndProject
Global
	GlobalSection(SolutionConfigurationPlatforms) = preSolution
		Debug|Any CPU = Debug|Any CPU
		Release|Any CPU = Release|Any CPU
	EndGlobalSection
	GlobalSection(ProjectConfigurationPlatforms) = postSolution
		{2D0D3999-F598-424B-BB1A-A65241411D10}.Debug|Any CPU.ActiveCfg = Debug|Any CPU
		{2D0D3999-F598-424B-BB1A-A65241411D10}.Debug|Any CPU.Build.0 = Debug|Any CPU
		{2D0D3999-F598-424B-BB1A-A65241411D10}.Release|Any CPU.ActiveCfg = Release|Any CPU
		{2D0D3999-F598-424B-BB1A-A65241411D10}.Release|Any CPU.Build.0 = Release|Any CPU
		{4E16361A-C69F-4108-BC8B-B482CE0DD22A}.Debug|Any CPU.ActiveCfg = Debug|Any CPU
		{4E16361A-C69F-4108-BC8B-B482CE0DD22A}.Debug|Any CPU.Build.0 = Debug|Any CPU
		{4E16361A-C69F-4108-BC8B-B482CE0DD22A}.Release|Any CPU.ActiveCfg = Release|Any CPU
		{4E16361A-C69F-4108-BC8B-B482CE0DD22A}.Release|Any CPU.Build.0 = Release|Any CPU
		{3B7A9FAA-8B8E-4FEC-AC01-C14927A74512}.Debug|Any CPU.ActiveCfg = Debug|Any CPU
		{3B7A9FAA-8B8E-4FEC-AC01-C14927A74512}.Debug|Any CPU.Build.0 = Debug|Any CPU
		{3B7A9FAA-8B8E-4FEC-AC01-C14927A74512}.Release|Any CPU.ActiveCfg = Release|Any CPU
		{3B7A9FAA-8B8E-4FEC-AC01-C14927A74512}.Release|Any CPU.Build.0 = Release|Any CPU
		{34D11380-0509-4399-B236-515D8CA2654B}.Debug|Any CPU.ActiveCfg = Debug|Any CPU
		{34D11380-0509-4399-B236-515D8CA2654B}.Debug|Any CPU.Build.0 = Debug|Any CPU
		{34D11380-0509-4399-B236-515D8CA2654B}.Release|Any CPU.ActiveCfg = Release|Any CPU
		{34D11380-0509-4399-B236-515D8CA2654B}.Release|Any CPU.Build.0 = Release|Any CPU
		{73C9AD44-2620-4B1D-9DCB-B4C3FDB3E461}.Debug|Any CPU.ActiveCfg = Debug|Any CPU
		{73C9AD44-2620-4B1D-9DCB-B4C3FDB3E461}.Debug|Any CPU.Build.0 = Debug|Any CPU
		{73C9AD44-2620-4B1D-9DCB-B4C3FDB3E461}.Release|Any CPU.ActiveCfg = Release|Any CPU
		{73C9AD44-2620-4B1D-9DCB-B4C3FDB3E461}.Release|Any CPU.Build.0 = Release|Any CPU
	EndGlobalSection
	GlobalSection(SolutionProperties) = preSolution
		HideSolutionNode = FALSE
	EndGlobalSection
	GlobalSection(ExtensibilityGlobals) = postSolution
		SolutionGuid = {AA9E4B5A-8D28-4A90-ACA0-CDB9612CC0F8}
	EndGlobalSection
EndGlobal
